Microsoft Visual Studio Solution File, Format Version 12.00
# Visual Studio Version 17
VisualStudioVersion = 17.5.2.0
MinimumVisualStudioVersion = 10.0.40219.1
Project("{FAE04EC0-301F-11D3-BF4B-00C04F79EFBC}") = "AssinadorNFTS", "AssinadorNFTS.csproj", "{7A5EA34E-A720-2D15-2A49-677BBC199E32}"
EndProject
Global
	GlobalSection(SolutionConfigurationPlatforms) = preSolution
		Debug|Any CPU = Debug|Any CPU
		Release|Any CPU = Release|Any CPU
	EndGlobalSection
	GlobalSection(ProjectConfigurationPlatforms) = postSolution
		{7A5EA34E-A720-2D15-2A49-677BBC199E32}.Debug|Any CPU.ActiveCfg = Debug|Any CPU
		{7A5EA34E-A720-2D15-2A49-677BBC199E32}.Debug|Any CPU.Build.0 = Debug|Any CPU
		{7A5EA34E-A720-2D15-2A49-677BBC199E32}.Release|Any CPU.ActiveCfg = Release|Any CPU
		{7A5EA34E-A720-2D15-2A49-677BBC199E32}.Release|Any CPU.Build.0 = Release|Any CPU
	EndGlobalSection
	GlobalSection(SolutionProperties) = preSolution
		HideSolutionNode = FALSE
	EndGlobalSection
	GlobalSection(ExtensibilityGlobals) = postSolution
		SolutionGuid = {5EA7211E-D408-4D7F-A8A7-AB8263E6996F}
	EndGlobalSection
EndGlobal
